
Microsoft Visual Studio Solution File, Format Version 12.00
# Visual Studio Version 16
VisualStudioVersion = 16.0.31321.278
MinimumVisualStudioVersion = 10.0.40219.1
Project("{FAE04EC0-301F-11D3-BF4B-00C04F79EFBC}") = "CreazioneIniMateriali", "CreazioneIniMateriali.csproj", "{F6CFB7C7-0136-4C57-A7B1-5878840B74D4}"
EndProject
Global
	GlobalSection(SolutionConfigurationPlatforms) = preSolution
		Debug|Any CPU = Debug|Any CPU
		Release|Any CPU = Release|Any CPU
	EndGlobalSection
	GlobalSection(ProjectConfigurationPlatforms) = postSolution
		{F6CFB7C7-0136-4C57-A7B1-5878840B74D4}.Debug|Any CPU.ActiveCfg = Debug|Any CPU
		{F6CFB7C7-0136-4C57-A7B1-5878840B74D4}.Debug|Any CPU.Build.0 = Debug|Any CPU
		{F6CFB7C7-0136-4C57-A7B1-5878840B74D4}.Release|Any CPU.ActiveCfg = Release|Any CPU
		{F6CFB7C7-0136-4C57-A7B1-5878840B74D4}.Release|Any CPU.Build.0 = Release|Any CPU
	EndGlobalSection
	GlobalSection(SolutionProperties) = preSolution
		HideSolutionNode = FALSE
	EndGlobalSection
	GlobalSection(ExtensibilityGlobals) = postSolution
		SolutionGuid = {E2640ADB-C1B7-497E-B4BC-2B6E88E45FEB}
	EndGlobalSection
EndGlobal
